
Microsoft Visual Studio Solution File, Format Version 12.00
# Visual Studio Version 16
VisualStudioVersion = 16.0.36107.64
MinimumVisualStudioVersion = 10.0.40219.1
Project("{FAE04EC0-301F-11D3-BF4B-00C04F79EFBC}") = "MDV_Addmission_System", "MDV_Addmission_System\MDV_Addmission_System.csproj", "{C7A0F59C-A287-4029-B409-0C6ED19DDADF}"
EndProject
Global
	GlobalSection(SolutionConfigurationPlatforms) = preSolution
		Debug|Any CPU = Debug|Any CPU
		Release|Any CPU = Release|Any CPU
	EndGlobalSection
	GlobalSection(ProjectConfigurationPlatforms) = postSolution
		{C7A0F59C-A287-4029-B409-0C6ED19DDADF}.Debug|Any CPU.ActiveCfg = Debug|Any CPU
		{C7A0F59C-A287-4029-B409-0C6ED19DDADF}.Debug|Any CPU.Build.0 = Debug|Any CPU
		{C7A0F59C-A287-4029-B409-0C6ED19DDADF}.Release|Any CPU.ActiveCfg = Release|Any CPU
		{C7A0F59C-A287-4029-B409-0C6ED19DDADF}.Release|Any CPU.Build.0 = Release|Any CPU
	EndGlobalSection
	GlobalSection(SolutionProperties) = preSolution
		HideSolutionNode = FALSE
	EndGlobalSection
	GlobalSection(ExtensibilityGlobals) = postSolution
		SolutionGuid = {9B316789-5EB9-457B-8E62-795858839CC2}
	EndGlobalSection
EndGlobal
