
Microsoft Visual Studio Solution File, Format Version 12.00
# Visual Studio Version 16
VisualStudioVersion = 16.0.36107.64
MinimumVisualStudioVersion = 10.0.40219.1
Project("{FAE04EC0-301F-11D3-BF4B-00C04F79EFBC}") = "Use_Windows_Controls", "Use_Windows_Controls\Use_Windows_Controls.csproj", "{80A44FA0-1D5D-41B4-875F-6C491CA8AFF2}"
EndProject
Global
	GlobalSection(SolutionConfigurationPlatforms) = preSolution
		Debug|Any CPU = Debug|Any CPU
		Release|Any CPU = Release|Any CPU
	EndGlobalSection
	GlobalSection(ProjectConfigurationPlatforms) = postSolution
		{80A44FA0-1D5D-41B4-875F-6C491CA8AFF2}.Debug|Any CPU.ActiveCfg = Debug|Any CPU
		{80A44FA0-1D5D-41B4-875F-6C491CA8AFF2}.Debug|Any CPU.Build.0 = Debug|Any CPU
		{80A44FA0-1D5D-41B4-875F-6C491CA8AFF2}.Release|Any CPU.ActiveCfg = Release|Any CPU
		{80A44FA0-1D5D-41B4-875F-6C491CA8AFF2}.Release|Any CPU.Build.0 = Release|Any CPU
	EndGlobalSection
	GlobalSection(SolutionProperties) = preSolution
		HideSolutionNode = FALSE
	EndGlobalSection
	GlobalSection(ExtensibilityGlobals) = postSolution
		SolutionGuid = {1D6A5B09-76A1-451D-AD95-45BF8EC0EF62}
	EndGlobalSection
EndGlobal
