
Microsoft Visual Studio Solution File, Format Version 12.00
# Visual Studio Version 16
VisualStudioVersion = 16.0.36107.64
MinimumVisualStudioVersion = 10.0.40219.1
Project("{FAE04EC0-301F-11D3-BF4B-00C04F79EFBC}") = "MDV_Admimission_System", "MDV_Admimission_System\MDV_Admimission_System.csproj", "{3867247F-22A5-412A-8A46-14C0815B041D}"
EndProject
Global
	GlobalSection(SolutionConfigurationPlatforms) = preSolution
		Debug|Any CPU = Debug|Any CPU
		Release|Any CPU = Release|Any CPU
	EndGlobalSection
	GlobalSection(ProjectConfigurationPlatforms) = postSolution
		{3867247F-22A5-412A-8A46-14C0815B041D}.Debug|Any CPU.ActiveCfg = Debug|Any CPU
		{3867247F-22A5-412A-8A46-14C0815B041D}.Debug|Any CPU.Build.0 = Debug|Any CPU
		{3867247F-22A5-412A-8A46-14C0815B041D}.Release|Any CPU.ActiveCfg = Release|Any CPU
		{3867247F-22A5-412A-8A46-14C0815B041D}.Release|Any CPU.Build.0 = Release|Any CPU
	EndGlobalSection
	GlobalSection(SolutionProperties) = preSolution
		HideSolutionNode = FALSE
	EndGlobalSection
	GlobalSection(ExtensibilityGlobals) = postSolution
		SolutionGuid = {A2A1A510-8B9A-441C-A513-BB6442538F1C}
	EndGlobalSection
EndGlobal
